
Microsoft Visual Studio Solution File, Format Version 12.00
# Visual Studio Version 16
VisualStudioVersion = 16.0.33529.622
MinimumVisualStudioVersion = 10.0.40219.1
Project("{C9674DCB-5085-4A16-B785-4C70DD1589BD}") = "Integration Services ProjectCinfo4", "Integration Services ProjectCinfo4\Integration Services ProjectCinfo4.dtproj", "{AA8968F9-FBBA-4617-8D14-43442F10A2B6}"
EndProject
Global
	GlobalSection(SolutionConfigurationPlatforms) = preSolution
		Development|Default = Development|Default
	EndGlobalSection
	GlobalSection(ProjectConfigurationPlatforms) = postSolution
		{AA8968F9-FBBA-4617-8D14-43442F10A2B6}.Development|Default.ActiveCfg = Development
		{AA8968F9-FBBA-4617-8D14-43442F10A2B6}.Development|Default.Build.0 = Development
	EndGlobalSection
	GlobalSection(SolutionProperties) = preSolution
		HideSolutionNode = FALSE
	EndGlobalSection
	GlobalSection(ExtensibilityGlobals) = postSolution
		SolutionGuid = {0CC2C599-A6B2-47AD-9A82-F01890B8539A}
	EndGlobalSection
EndGlobal
